// !$*UTF8*$!
{
	archiveVersion = 1;
	classes = {
	};
	objectVersion = 51;
	objects = {

/* Begin PBXBuildFile section */
		194CBD4A24E84857002D7C42 /* PlaceTableViewCell.swift in Sources */ = {isa = PBXBuildFile; fileRef = 194CBD4824E84857002D7C42 /* PlaceTableViewCell.swift */; };
		194CBD4B24E84857002D7C42 /* PlaceTableViewCell.xib in Resources */ = {isa = PBXBuildFile; fileRef = 194CBD4924E84857002D7C42 /* PlaceTableViewCell.xib */; };
		19BE911B24E7F090001BED27 /* AppDelegate.swift in Sources */ = {isa = PBXBuildFile; fileRef = 19BE911A24E7F090001BED27 /* AppDelegate.swift */; };
		19BE911F24E7F090001BED27 /* NearByPlacesViewController.swift in Sources */ = {isa = PBXBuildFile; fileRef = 19BE911E24E7F090001BED27 /* NearByPlacesViewController.swift */; };
		19BE912224E7F090001BED27 /* Main.storyboard in Resources */ = {isa = PBXBuildFile; fileRef = 19BE912024E7F090001BED27 /* Main.storyboard */; };
		19BE912424E7F091001BED27 /* Assets.xcassets in Resources */ = {isa = PBXBuildFile; fileRef = 19BE912324E7F091001BED27 /* Assets.xcassets */; };
		19BE912724E7F091001BED27 /* LaunchScreen.storyboard in Resources */ = {isa = PBXBuildFile; fileRef = 19BE912524E7F091001BED27 /* LaunchScreen.storyboard */; };
		19BE913024E7FC5E001BED27 /* APIClient.swift in Sources */ = {isa = PBXBuildFile; fileRef = 19BE912F24E7FC5E001BED27 /* APIClient.swift */; };
		19BE913224E80471001BED27 /* RequestProtocol.swift in Sources */ = {isa = PBXBuildFile; fileRef = 19BE913124E80471001BED27 /* RequestProtocol.swift */; };
		19BE913424E804F7001BED27 /* DataProviderProtocol.swift in Sources */ = {isa = PBXBuildFile; fileRef = 19BE913324E804F7001BED27 /* DataProviderProtocol.swift */; };
		19BE913724E818DC001BED27 /* NearByPlacesViewModel.swift in Sources */ = {isa = PBXBuildFile; fileRef = 19BE913624E818DC001BED27 /* NearByPlacesViewModel.swift */; };
		19BE913B24E819D9001BED27 /* FoursquareResponse.swift in Sources */ = {isa = PBXBuildFile; fileRef = 19BE913A24E819D9001BED27 /* FoursquareResponse.swift */; };
		19BE913F24E81C46001BED27 /* Constants.swift in Sources */ = {isa = PBXBuildFile; fileRef = 19BE913E24E81C46001BED27 /* Constants.swift */; };
		E07C9C41BDB0EDA41354ECA6 /* Pods_foursquare.framework in Frameworks */ = {isa = PBXBuildFile; fileRef = 788ABD7B6FDA791AD62E0673 /* Pods_foursquare.framework */; };
/* End PBXBuildFile section */

/* Begin PBXFileReference section */
		194CBD4824E84857002D7C42 /* PlaceTableViewCell.swift */ = {isa = PBXFileReference; lastKnownFileType = sourcecode.swift; path = PlaceTableViewCell.swift; sourceTree = "<group>"; };
		194CBD4924E84857002D7C42 /* PlaceTableViewCell.xib */ = {isa = PBXFileReference; lastKnownFileType = file.xib; path = PlaceTableViewCell.xib; sourceTree = "<group>"; };
		19BE911724E7F090001BED27 /* foursquare.app */ = {isa = PBXFileReference; explicitFileType = wrapper.application; includeInIndex = 0; path = foursquare.app; sourceTree = BUILT_PRODUCTS_DIR; };
		19BE911A24E7F090001BED27 /* AppDelegate.swift */ = {isa = PBXFileReference; lastKnownFileType = sourcecode.swift; path = AppDelegate.swift; sourceTree = "<group>"; };
		19BE911E24E7F090001BED27 /* NearByPlacesViewController.swift */ = {isa = PBXFileReference; lastKnownFileType = sourcecode.swift; path = NearByPlacesViewController.swift; sourceTree = "<group>"; };
		19BE912124E7F090001BED27 /* Base */ = {isa = PBXFileReference; lastKnownFileType = file.storyboard; name = Base; path = Base.lproj/Main.storyboard; sourceTree = "<group>"; };
		19BE912324E7F091001BED27 /* Assets.xcassets */ = {isa = PBXFileReference; lastKnownFileType = folder.assetcatalog; path = Assets.xcassets; sourceTree = "<group>"; };
		19BE912624E7F091001BED27 /* Base */ = {isa = PBXFileReference; lastKnownFileType = file.storyboard; name = Base; path = Base.lproj/LaunchScreen.storyboard; sourceTree = "<group>"; };
		19BE912824E7F091001BED27 /* Info.plist */ = {isa = PBXFileReference; lastKnownFileType = text.plist.xml; path = Info.plist; sourceTree = "<group>"; };
		19BE912F24E7FC5E001BED27 /* APIClient.swift */ = {isa = PBXFileReference; lastKnownFileType = sourcecode.swift; path = APIClient.swift; sourceTree = "<group>"; };
		19BE913124E80471001BED27 /* RequestProtocol.swift */ = {isa = PBXFileReference; lastKnownFileType = sourcecode.swift; path = RequestProtocol.swift; sourceTree = "<group>"; };
		19BE913324E804F7001BED27 /* DataProviderProtocol.swift */ = {isa = PBXFileReference; lastKnownFileType = sourcecode.swift; path = DataProviderProtocol.swift; sourceTree = "<group>"; };
		19BE913624E818DC001BED27 /* NearByPlacesViewModel.swift */ = {isa = PBXFileReference; lastKnownFileType = sourcecode.swift; path = NearByPlacesViewModel.swift; sourceTree = "<group>"; };
		19BE913A24E819D9001BED27 /* FoursquareResponse.swift */ = {isa = PBXFileReference; lastKnownFileType = sourcecode.swift; path = FoursquareResponse.swift; sourceTree = "<group>"; };
		19BE913E24E81C46001BED27 /* Constants.swift */ = {isa = PBXFileReference; lastKnownFileType = sourcecode.swift; path = Constants.swift; sourceTree = "<group>"; };
		788ABD7B6FDA791AD62E0673 /* Pods_foursquare.framework */ = {isa = PBXFileReference; explicitFileType = wrapper.framework; includeInIndex = 0; path = Pods_foursquare.framework; sourceTree = BUILT_PRODUCTS_DIR; };
		815B0C29BA4E00759B8D8F5D /* Pods-foursquare.release.xcconfig */ = {isa = PBXFileReference; includeInIndex = 1; lastKnownFileType = text.xcconfig; name = "Pods-foursquare.release.xcconfig"; path = "Target Support Files/Pods-foursquare/Pods-foursquare.release.xcconfig"; sourceTree = "<group>"; };
		E7C7C5A18A5847D90EA3888A /* Pods-foursquare.debug.xcconfig */ = {isa = PBXFileReference; includeInIndex = 1; lastKnownFileType = text.xcconfig; name = "Pods-foursquare.debug.xcconfig"; path = "Target Support Files/Pods-foursquare/Pods-foursquare.debug.xcconfig"; sourceTree = "<group>"; };
/* End PBXFileReference section */

/* Begin PBXFrameworksBuildPhase section */
		19BE911424E7F090001BED27 /* Frameworks */ = {
			isa = PBXFrameworksBuildPhase;
			buildActionMask = 2147483647;
			files = (
				E07C9C41BDB0EDA41354ECA6 /* Pods_foursquare.framework in Frameworks */,
			);
			runOnlyForDeploymentPostprocessing = 0;
		};
/* End PBXFrameworksBuildPhase section */

/* Begin PBXGroup section */
		194CBD4724E8482F002D7C42 /* Cell */ = {
			isa = PBXGroup;
			children = (
				194CBD4824E84857002D7C42 /* PlaceTableViewCell.swift */,
				194CBD4924E84857002D7C42 /* PlaceTableViewCell.xib */,
			);
			path = Cell;
			sourceTree = "<group>";
		};
		19BE910E24E7F090001BED27 = {
			isa = PBXGroup;
			children = (
				19BE911924E7F090001BED27 /* foursquare */,
				19BE911824E7F090001BED27 /* Products */,
				457CA235490696A0B9DA35BB /* Pods */,
				934155DCCAE7C2B246B86F6D /* Frameworks */,
			);
			sourceTree = "<group>";
		};
		19BE911824E7F090001BED27 /* Products */ = {
			isa = PBXGroup;
			children = (
				19BE911724E7F090001BED27 /* foursquare.app */,
			);
			name = Products;
			sourceTree = "<group>";
		};
		19BE911924E7F090001BED27 /* foursquare */ = {
			isa = PBXGroup;
			children = (
				19BE913524E81821001BED27 /* Nearby Places */,
				19BE913924E819C1001BED27 /* Entities */,
				19BE912E24E7FC39001BED27 /* Repository */,
				19BE913D24E81C2E001BED27 /* Resources */,
				19BE913C24E81C02001BED27 /* App */,
			);
			path = foursquare;
			sourceTree = "<group>";
		};
		19BE912E24E7FC39001BED27 /* Repository */ = {
			isa = PBXGroup;
			children = (
				19BE913124E80471001BED27 /* RequestProtocol.swift */,
				19BE913324E804F7001BED27 /* DataProviderProtocol.swift */,
				19BE912F24E7FC5E001BED27 /* APIClient.swift */,
			);
			path = Repository;
			sourceTree = "<group>";
		};
		19BE913524E81821001BED27 /* Nearby Places */ = {
			isa = PBXGroup;
			children = (
				194CBD4724E8482F002D7C42 /* Cell */,
				19BE912024E7F090001BED27 /* Main.storyboard */,
				19BE911E24E7F090001BED27 /* NearByPlacesViewController.swift */,
				19BE913624E818DC001BED27 /* NearByPlacesViewModel.swift */,
			);
			path = "Nearby Places";
			sourceTree = "<group>";
		};
		19BE913924E819C1001BED27 /* Entities */ = {
			isa = PBXGroup;
			children = (
				19BE913A24E819D9001BED27 /* FoursquareResponse.swift */,
			);
			path = Entities;
			sourceTree = "<group>";
		};
		19BE913C24E81C02001BED27 /* App */ = {
			isa = PBXGroup;
			children = (
				19BE911A24E7F090001BED27 /* AppDelegate.swift */,
				19BE912524E7F091001BED27 /* LaunchScreen.storyboard */,
				19BE912824E7F091001BED27 /* Info.plist */,
			);
			path = App;
			sourceTree = "<group>";
		};
		19BE913D24E81C2E001BED27 /* Resources */ = {
			isa = PBXGroup;
			children = (
				19BE912324E7F091001BED27 /* Assets.xcassets */,
				19BE913E24E81C46001BED27 /* Constants.swift */,
			);
			path = Resources;
			sourceTree = "<group>";
		};
		457CA235490696A0B9DA35BB /* Pods */ = {
			isa = PBXGroup;
			children = (
				E7C7C5A18A5847D90EA3888A /* Pods-foursquare.debug.xcconfig */,
				815B0C29BA4E00759B8D8F5D /* Pods-foursquare.release.xcconfig */,
			);
			path = Pods;
			sourceTree = "<group>";
		};
		934155DCCAE7C2B246B86F6D /* Frameworks */ = {
			isa = PBXGroup;
			children = (
				788ABD7B6FDA791AD62E0673 /* Pods_foursquare.framework */,
			);
			name = Frameworks;
			sourceTree = "<group>";
		};
/* End PBXGroup section */

/* Begin PBXNativeTarget section */
		19BE911624E7F090001BED27 /* foursquare */ = {
			isa = PBXNativeTarget;
			buildConfigurationList = 19BE912B24E7F091001BED27 /* Build configuration list for PBXNativeTarget "foursquare" */;
			buildPhases = (
				10DDED2CE655AFB9D20DA75D /* [CP] Check Pods Manifest.lock */,
				19BE911324E7F090001BED27 /* Sources */,
				19BE911424E7F090001BED27 /* Frameworks */,
				19BE911524E7F090001BED27 /* Resources */,
				1E81A5BD6282215C320BFB00 /* [CP] Embed Pods Frameworks */,
			);
			buildRules = (
			);
			dependencies = (
			);
			name = foursquare;
			productName = foursquare;
			productReference = 19BE911724E7F090001BED27 /* foursquare.app */;
			productType = "com.apple.product-type.application";
		};
/* End PBXNativeTarget section */

/* Begin PBXProject section */
		19BE910F24E7F090001BED27 /* Project object */ = {
			isa = PBXProject;
			attributes = {
				LastSwiftUpdateCheck = 1130;
				LastUpgradeCheck = 1130;
				ORGANIZATIONNAME = "Ahmed Ragab Issa";
				TargetAttributes = {
					19BE911624E7F090001BED27 = {
						CreatedOnToolsVersion = 11.3.1;
					};
				};
			};
			buildConfigurationList = 19BE911224E7F090001BED27 /* Build configuration list for PBXProject "foursquare" */;
			compatibilityVersion = "Xcode 9.3";
			developmentRegion = en;
			hasScannedForEncodings = 0;
			knownRegions = (
				en,
				Base,
			);
			mainGroup = 19BE910E24E7F090001BED27;
			productRefGroup = 19BE911824E7F090001BED27 /* Products */;
			projectDirPath = "";
			projectRoot = "";
			targets = (
				19BE911624E7F090001BED27 /* foursquare */,
			);
		};
/* End PBXProject section */

/* Begin PBXResourcesBuildPhase section */
		19BE911524E7F090001BED27 /* Resources */ = {
			isa = PBXResourcesBuildPhase;
			buildActionMask = 2147483647;
			files = (
				19BE912724E7F091001BED27 /* LaunchScreen.storyboard in Resources */,
				19BE912424E7F091001BED27 /* Assets.xcassets in Resources */,
				19BE912224E7F090001BED27 /* Main.storyboard in Resources */,
				194CBD4B24E84857002D7C42 /* PlaceTableViewCell.xib in Resources */,
			);
			runOnlyForDeploymentPostprocessing = 0;
		};
/* End PBXResourcesBuildPhase section */

/* Begin PBXShellScriptBuildPhase section */
		10DDED2CE655AFB9D20DA75D /* [CP] Check Pods Manifest.lock */ = {
			isa = PBXShellScriptBuildPhase;
			buildActionMask = 2147483647;
			files = (
			);
			inputFileListPaths = (
			);
			inputPaths = (
				"${PODS_PODFILE_DIR_PATH}/Podfile.lock",
				"${PODS_ROOT}/Manifest.lock",
			);
			name = "[CP] Check Pods Manifest.lock";
			outputFileListPaths = (
			);
			outputPaths = (
				"$(DERIVED_FILE_DIR)/Pods-foursquare-checkManifestLockResult.txt",
			);
			runOnlyForDeploymentPostprocessing = 0;
			shellPath = /bin/sh;
			shellScript = "diff \"${PODS_PODFILE_DIR_PATH}/Podfile.lock\" \"${PODS_ROOT}/Manifest.lock\" > /dev/null\nif [ $? != 0 ] ; then\n    # print error to STDERR\n    echo \"error: The sandbox is not in sync with the Podfile.lock. Run 'pod install' or update your CocoaPods installation.\" >&2\n    exit 1\nfi\n# This output is used by Xcode 'outputs' to avoid re-running this script phase.\necho \"SUCCESS\" > \"${SCRIPT_OUTPUT_FILE_0}\"\n";
			showEnvVarsInLog = 0;
		};
		1E81A5BD6282215C320BFB00 /* [CP] Embed Pods Frameworks */ = {
			isa = PBXShellScriptBuildPhase;
			buildActionMask = 2147483647;
			files = (
			);
			inputFileListPaths = (
				"${PODS_ROOT}/Target Support Files/Pods-foursquare/Pods-foursquare-frameworks-${CONFIGURATION}-input-files.xcfilelist",
			);
			name = "[CP] Embed Pods Frameworks";
			outputFileListPaths = (
				"${PODS_ROOT}/Target Support Files/Pods-foursquare/Pods-foursquare-frameworks-${CONFIGURATION}-output-files.xcfilelist",
			);
			runOnlyForDeploymentPostprocessing = 0;
			shellPath = /bin/sh;
			shellScript = "\"${PODS_ROOT}/Target Support Files/Pods-foursquare/Pods-foursquare-frameworks.sh\"\n";
			showEnvVarsInLog = 0;
		};
/* End PBXShellScriptBuildPhase section */

/* Begin PBXSourcesBuildPhase section */
		19BE911324E7F090001BED27 /* Sources */ = {
			isa = PBXSourcesBuildPhase;
			buildActionMask = 2147483647;
			files = (
				19BE911F24E7F090001BED27 /* NearByPlacesViewController.swift in Sources */,
				19BE911B24E7F090001BED27 /* AppDelegate.swift in Sources */,
				194CBD4A24E84857002D7C42 /* PlaceTableViewCell.swift in Sources */,
				19BE913024E7FC5E001BED27 /* APIClient.swift in Sources */,
				19BE913724E818DC001BED27 /* NearByPlacesViewModel.swift in Sources */,
				19BE913424E804F7001BED27 /* DataProviderProtocol.swift in Sources */,
				19BE913B24E819D9001BED27 /* FoursquareResponse.swift in Sources */,
				19BE913224E80471001BED27 /* RequestProtocol.swift in Sources */,
				19BE913F24E81C46001BED27 /* Constants.swift in Sources */,
			);
			runOnlyForDeploymentPostprocessing = 0;
		};
/* End PBXSourcesBuildPhase section */

/* Begin PBXVariantGroup section */
		19BE912024E7F090001BED27 /* Main.storyboard */ = {
			isa = PBXVariantGroup;
			children = (
				19BE912124E7F090001BED27 /* Base */,
			);
			name = Main.storyboard;
			sourceTree = "<group>";
		};
		19BE912524E7F091001BED27 /* LaunchScreen.storyboard */ = {
			isa = PBXVariantGroup;
			children = (
				19BE912624E7F091001BED27 /* Base */,
			);
			name = LaunchScreen.storyboard;
			sourceTree = "<group>";
		};
/* End PBXVariantGroup section */

/* Begin XCBuildConfiguration section */
		19BE912924E7F091001BED27 /* Debug */ = {
			isa = XCBuildConfiguration;
			buildSettings = {
				ALWAYS_SEARCH_USER_PATHS = NO;
				CLANG_ANALYZER_NONNULL = YES;
				CLANG_ANALYZER_NUMBER_OBJECT_CONVERSION = YES_AGGRESSIVE;
				CLANG_CXX_LANGUAGE_STANDARD = "gnu++14";
				CLANG_CXX_LIBRARY = "libc++";
				CLANG_ENABLE_MODULES = YES;
				CLANG_ENABLE_OBJC_ARC = YES;
				CLANG_ENABLE_OBJC_WEAK = YES;
				CLANG_WARN_BLOCK_CAPTURE_AUTORELEASING = YES;
				CLANG_WARN_BOOL_CONVERSION = YES;
				CLANG_WARN_COMMA = YES;
				CLANG_WARN_CONSTANT_CONVERSION = YES;
				CLANG_WARN_DEPRECATED_OBJC_IMPLEMENTATIONS = YES;
				CLANG_WARN_DIRECT_OBJC_ISA_USAGE = YES_ERROR;
				CLANG_WARN_DOCUMENTATION_COMMENTS = YES;
				CLANG_WARN_EMPTY_BODY = YES;
				CLANG_WARN_ENUM_CONVERSION = YES;
				CLANG_WARN_INFINITE_RECURSION = YES;
				CLANG_WARN_INT_CONVERSION = YES;
				CLANG_WARN_NON_LITERAL_NULL_CONVERSION = YES;
				CLANG_WARN_OBJC_IMPLICIT_RETAIN_SELF = YES;
				CLANG_WARN_OBJC_LITERAL_CONVERSION = YES;
				CLANG_WARN_OBJC_ROOT_CLASS = YES_ERROR;
				CLANG_WARN_RANGE_LOOP_ANALYSIS = YES;
				CLANG_WARN_STRICT_PROTOTYPES = YES;
				CLANG_WARN_SUSPICIOUS_MOVE = YES;
				CLANG_WARN_UNGUARDED_AVAILABILITY = YES_AGGRESSIVE;
				CLANG_WARN_UNREACHABLE_CODE = YES;
				CLANG_WARN__DUPLICATE_METHOD_MATCH = YES;
				COPY_PHASE_STRIP = NO;
				DEBUG_INFORMATION_FORMAT = dwarf;
				ENABLE_STRICT_OBJC_MSGSEND = YES;
				ENABLE_TESTABILITY = YES;
				GCC_C_LANGUAGE_STANDARD = gnu11;
				GCC_DYNAMIC_NO_PIC = NO;
				GCC_NO_COMMON_BLOCKS = YES;
				GCC_OPTIMIZATION_LEVEL = 0;
				GCC_PREPROCESSOR_DEFINITIONS = (
					"DEBUG=1",
					"$(inherited)",
				);
				GCC_WARN_64_TO_32_BIT_CONVERSION = YES;
				GCC_WARN_ABOUT_RETURN_TYPE = YES_ERROR;
				GCC_WARN_UNDECLARED_SELECTOR = YES;
				GCC_WARN_UNINITIALIZED_AUTOS = YES_AGGRESSIVE;
				GCC_WARN_UNUSED_FUNCTION = YES;
				GCC_WARN_UNUSED_VARIABLE = YES;
				IPHONEOS_DEPLOYMENT_TARGET = 13.2;
				MTL_ENABLE_DEBUG_INFO = INCLUDE_SOURCE;
				MTL_FAST_MATH = YES;
				ONLY_ACTIVE_ARCH = YES;
				SDKROOT = iphoneos;
				SWIFT_ACTIVE_COMPILATION_CONDITIONS = DEBUG;
				SWIFT_OPTIMIZATION_LEVEL = "-Onone";
			};
			name = Debug;
		};
		19BE912A24E7F091001BED27 /* Release */ = {
			isa = XCBuildConfiguration;
			buildSettings = {
				ALWAYS_SEARCH_USER_PATHS = NO;
				CLANG_ANALYZER_NONNULL = YES;
				CLANG_ANALYZER_NUMBER_OBJECT_CONVERSION = YES_AGGRESSIVE;
				CLANG_CXX_LANGUAGE_STANDARD = "gnu++14";
				CLANG_CXX_LIBRARY = "libc++";
				CLANG_ENABLE_MODULES = YES;
				CLANG_ENABLE_OBJC_ARC = YES;
				CLANG_ENABLE_OBJC_WEAK = YES;
				CLANG_WARN_BLOCK_CAPTURE_AUTORELEASING = YES;
				CLANG_WARN_BOOL_CONVERSION = YES;
				CLANG_WARN_COMMA = YES;
				CLANG_WARN_CONSTANT_CONVERSION = YES;
				CLANG_WARN_DEPRECATED_OBJC_IMPLEMENTATIONS = YES;
				CLANG_WARN_DIRECT_OBJC_ISA_USAGE = YES_ERROR;
				CLANG_WARN_DOCUMENTATION_COMMENTS = YES;
				CLANG_WARN_EMPTY_BODY = YES;
				CLANG_WARN_ENUM_CONVERSION = YES;
				CLANG_WARN_INFINITE_RECURSION = YES;
				CLANG_WARN_INT_CONVERSION = YES;
				CLANG_WARN_NON_LITERAL_NULL_CONVERSION = YES;
				CLANG_WARN_OBJC_IMPLICIT_RETAIN_SELF = YES;
				CLANG_WARN_OBJC_LITERAL_CONVERSION = YES;
				CLANG_WARN_OBJC_ROOT_CLASS = YES_ERROR;
				CLANG_WARN_RANGE_LOOP_ANALYSIS = YES;
				CLANG_WARN_STRICT_PROTOTYPES = YES;
				CLANG_WARN_SUSPICIOUS_MOVE = YES;
				CLANG_WARN_UNGUARDED_AVAILABILITY = YES_AGGRESSIVE;
				CLANG_WARN_UNREACHABLE_CODE = YES;
				CLANG_WARN__DUPLICATE_METHOD_MATCH = YES;
				COPY_PHASE_STRIP = NO;
				DEBUG_INFORMATION_FORMAT = "dwarf-with-dsym";
				ENABLE_NS_ASSERTIONS = NO;
				ENABLE_STRICT_OBJC_MSGSEND = YES;
				GCC_C_LANGUAGE_STANDARD = gnu11;
				GCC_NO_COMMON_BLOCKS = YES;
				GCC_WARN_64_TO_32_BIT_CONVERSION = YES;
				GCC_WARN_ABOUT_RETURN_TYPE = YES_ERROR;
				GCC_WARN_UNDECLARED_SELECTOR = YES;
				GCC_WARN_UNINITIALIZED_AUTOS = YES_AGGRESSIVE;
				GCC_WARN_UNUSED_FUNCTION = YES;
				GCC_WARN_UNUSED_VARIABLE = YES;
				IPHONEOS_DEPLOYMENT_TARGET = 13.2;
				MTL_ENABLE_DEBUG_INFO = NO;
				MTL_FAST_MATH = YES;
				SDKROOT = iphoneos;
				SWIFT_COMPILATION_MODE = wholemodule;
				SWIFT_OPTIMIZATION_LEVEL = "-O";
				VALIDATE_PRODUCT = YES;
			};
			name = Release;
		};
		19BE912C24E7F091001BED27 /* Debug */ = {
			isa = XCBuildConfiguration;
			baseConfigurationReference = E7C7C5A18A5847D90EA3888A /* Pods-foursquare.debug.xcconfig */;
			buildSettings = {
				ASSETCATALOG_COMPILER_APPICON_NAME = AppIcon;
				CODE_SIGN_STYLE = Automatic;
				DEVELOPMENT_TEAM = XNBQR47BQU;
				INFOPLIST_FILE = foursquare/App/Info.plist;
				IPHONEOS_DEPLOYMENT_TARGET = 9.3;
				LD_RUNPATH_SEARCH_PATHS = (
					"$(inherited)",
					"@executable_path/Frameworks",
				);
				PRODUCT_BUNDLE_IDENTIFIER = com.AhmedRagabIssa.foursquare;
				PRODUCT_NAME = "$(TARGET_NAME)";
				SWIFT_VERSION = 5.0;
				TARGETED_DEVICE_FAMILY = "1,2";
			};
			name = Debug;
		};
		19BE912D24E7F091001BED27 /* Release */ = {
			isa = XCBuildConfiguration;
			baseConfigurationReference = 815B0C29BA4E00759B8D8F5D /* Pods-foursquare.release.xcconfig */;
			buildSettings = {
				ASSETCATALOG_COMPILER_APPICON_NAME = AppIcon;
				CODE_SIGN_STYLE = Automatic;
				DEVELOPMENT_TEAM = XNBQR47BQU;
				INFOPLIST_FILE = foursquare/App/Info.plist;
				IPHONEOS_DEPLOYMENT_TARGET = 9.3;
				LD_RUNPATH_SEARCH_PATHS = (
					"$(inherited)",
					"@executable_path/Frameworks",
				);
				PRODUCT_BUNDLE_IDENTIFIER = com.AhmedRagabIssa.foursquare;
				PRODUCT_NAME = "$(TARGET_NAME)";
				SWIFT_VERSION = 5.0;
				TARGETED_DEVICE_FAMILY = "1,2";
			};
			name = Release;
		};
/* End XCBuildConfiguration section */

/* Begin XCConfigurationList section */
		19BE911224E7F090001BED27 /* Build configuration list for PBXProject "foursquare" */ = {
			isa = XCConfigurationList;
			buildConfigurations = (
				19BE912924E7F091001BED27 /* Debug */,
				19BE912A24E7F091001BED27 /* Release */,
			);
			defaultConfigurationIsVisible = 0;
			defaultConfigurationName = Release;
		};
		19BE912B24E7F091001BED27 /* Build configuration list for PBXNativeTarget "foursquare" */ = {
			isa = XCConfigurationList;
			buildConfigurations = (
				19BE912C24E7F091001BED27 /* Debug */,
				19BE912D24E7F091001BED27 /* Release */,
			);
			defaultConfigurationIsVisible = 0;
			defaultConfigurationName = Release;
		};
/* End XCConfigurationList section */
	};
	rootObject = 19BE910F24E7F090001BED27 /* Project object */;
}
